PODS:
  - Alamofire (3.4.1)
  - oHTTP (0.1.0):
    - Alamofire (~> 3.4)

DEPENDENCIES:
  - oHTTP (from `../`)

EXTERNAL SOURCES:
  oHTTP:
    :path: "../"

SPEC CHECKSUMS:
  Alamofire: 01a82e2f6c0f860ade35534c8dd88be61bdef40c
  oHTTP: 0252476653fc59aecdc603de8373d4da5b9532c2

PODFILE CHECKSUM: 277f720b113f1f95110c72d0c96e99e2bb2a6d64

COCOAPODS: 1.0.1
